
Microsoft Visual Studio Solution File, Format Version 12.00
# Visual Studio 14
VisualStudioVersion = 14.0.25420.1
MinimumVisualStudioVersion = 10.0.40219.1
Project("{2150E333-8FDC-42A3-9474-1A3956D46DE8}") = "Solution Items", "Solution Items", "{A457B7BA-7759-4866-BF45-824AFCFFD361}"
	ProjectSection(SolutionItems) = preProject
		global.json = global.json
	EndProjectSection
EndProject
Project("{2150E333-8FDC-42A3-9474-1A3956D46DE8}") = "src", "src", "{7CD8D1F3-2C2F-483E-8153-D74D25C873FB}"
	ProjectSection(SolutionItems) = preProject
		global.json = global.json
	EndProjectSection
EndProject
Project("{2150E333-8FDC-42A3-9474-1A3956D46DE8}") = "test", "test", "{10A2BA55-A6E0-47E3-9290-F64E0C8D0D1C}"
EndProject
Project("{2150E333-8FDC-42A3-9474-1A3956D46DE8}") = "1. Domain", "1. Domain", "{3899CFC1-AD8B-48B6-BC7E-92F0F4EF97AA}"
EndProject
Project("{2150E333-8FDC-42A3-9474-1A3956D46DE8}") = "Core", "Core", "{4E5C1D8F-9BD4-477C-A501-1F2B068A458D}"
EndProject
Project("{2150E333-8FDC-42A3-9474-1A3956D46DE8}") = "Main", "Main", "{9D973222-CFDD-4283-B296-0A926A193B98}"
EndProject
Project("{8BB2217D-0F2D-49D1-97BC-3654ED321F3B}") = "SICO.Domain.Core", "src\Domain\SICO.Domain.Core\SICO.Domain.Core.xproj", "{7F9F0353-1238-4A2C-BFF7-75B3ACB6B561}"
EndProject
Project("{8BB2217D-0F2D-49D1-97BC-3654ED321F3B}") = "SICO.Domain.Main", "src\Domain\SICO.Domain.Main\SICO.Domain.Main.xproj", "{9EA16FB8-EE80-419F-8C8C-D7FE998010B3}"
EndProject
Project("{2150E333-8FDC-42A3-9474-1A3956D46DE8}") = "2. Infrastructure", "2. Infrastructure", "{C04E33AF-B1E9-4CDD-B7FA-B7E9A1B91B69}"
EndProject
Project("{2150E333-8FDC-42A3-9474-1A3956D46DE8}") = "3. Application", "3. Application", "{251BDFD4-2ACF-4B9C-B932-B1C7DBD39E3A}"
EndProject
Project("{2150E333-8FDC-42A3-9474-1A3956D46DE8}") = "CrossCutting", "CrossCutting", "{397641C0-0EBC-42D5-B7D4-C3564AA0CB42}"
EndProject
Project("{2150E333-8FDC-42A3-9474-1A3956D46DE8}") = "Data", "Data", "{7E8BF39A-E6E5-4111-B400-22BBFC4CFFE8}"
EndProject
Project("{2150E333-8FDC-42A3-9474-1A3956D46DE8}") = "5. Presentation", "5. Presentation", "{35C003E3-C3BC-46DD-A935-0778D913E72F}"
EndProject
Project("{2150E333-8FDC-42A3-9474-1A3956D46DE8}") = "Core", "Core", "{A65CA6B3-BBC3-42CD-B13C-AC1B804D9003}"
EndProject
Project("{2150E333-8FDC-42A3-9474-1A3956D46DE8}") = "Main", "Main", "{EB3FD5D1-BE54-4678-91E1-75928FD73374}"
EndProject
Project("{8BB2217D-0F2D-49D1-97BC-3654ED321F3B}") = "SICO.Infrastructure.Data.Core", "src\Infrastructure\Data\SICO.Infrastructure.Data.Core\SICO.Infrastructure.Data.Core.xproj", "{254E1EC3-3A80-4A3B-9A68-11A0C49AA3E8}"
EndProject
Project("{8BB2217D-0F2D-49D1-97BC-3654ED321F3B}") = "SICO.Infrastructure.Data.Main", "src\Infrastructure\Data\SICO.Infrastructure.Data.Main\SICO.Infrastructure.Data.Main.xproj", "{E9E849AA-2CC1-4C5F-A6F8-71EC36E43AFA}"
EndProject
Project("{8BB2217D-0F2D-49D1-97BC-3654ED321F3B}") = "SICO.Infrastructure.Data.Main.Migrations", "src\Infrastructure\Data\SICO.Infrastructure.Data.Main.Migrations\SICO.Infrastructure.Data.Main.Migrations.xproj", "{B0B21A64-46FB-471A-95B3-4C99A5097D16}"
EndProject
Project("{8BB2217D-0F2D-49D1-97BC-3654ED321F3B}") = "SICO.Infrastructure.CrossCutting", "src\Infrastructure\CrossCutting\SICO.Infrastructure.CrossCutting\SICO.Infrastructure.CrossCutting.xproj", "{2838F703-88B7-4CEC-A4A3-0016EB568FC3}"
EndProject
Project("{2150E333-8FDC-42A3-9474-1A3956D46DE8}") = "Core", "Core", "{937B90A5-5A85-4C2F-84A6-46BC2D1C4E64}"
EndProject
Project("{8BB2217D-0F2D-49D1-97BC-3654ED321F3B}") = "SICO.Application.Core", "src\Application\SICO.Application.Core\SICO.Application.Core.xproj", "{B275EB14-FFC5-4AC4-A64A-27E57328F36D}"
EndProject
Project("{2150E333-8FDC-42A3-9474-1A3956D46DE8}") = "Main", "Main", "{CE3FEA97-A7F7-4CAB-8F63-92496F3032DB}"
EndProject
Project("{8BB2217D-0F2D-49D1-97BC-3654ED321F3B}") = "SICO.Application.Main", "src\Application\SICO.Application.Main\SICO.Application.Main.xproj", "{2D748569-DC11-4EDD-9EAC-CF3DD533E017}"
EndProject
Project("{2150E333-8FDC-42A3-9474-1A3956D46DE8}") = "7. Database", "7. Database", "{9CC968C1-B6AC-40E1-B006-A93DF1611848}"
EndProject
Project("{00D1A9C2-B5F0-4AF3-8072-F6C62B433612}") = "SICO.Database", "src\Database\SICO.Database\SICO.Database.sqlproj", "{A3735E3A-1EC0-4B5E-9241-F249BDA812A5}"
EndProject
Project("{2150E333-8FDC-42A3-9474-1A3956D46DE8}") = "4. Distributed Services", "4. Distributed Services", "{F8BDFE43-A1C5-41C8-8EFB-8AA174426FF4}"
EndProject
Project("{2150E333-8FDC-42A3-9474-1A3956D46DE8}") = "Main", "Main", "{8A4C28E4-05AF-4D2C-9B53-A08384853B64}"
EndProject
Project("{8BB2217D-0F2D-49D1-97BC-3654ED321F3B}") = "SICO.DistributedServices.Main", "src\Distributed Services\SICO.DistributedServices.Main\SICO.DistributedServices.Main.xproj", "{9CE982B3-1F72-468C-8210-B7A9A56627EE}"
EndProject
Project("{2150E333-8FDC-42A3-9474-1A3956D46DE8}") = "Core", "Core", "{4B1B20BE-E5B6-45C5-8B5C-A623BF0CC226}"
EndProject
Project("{8BB2217D-0F2D-49D1-97BC-3654ED321F3B}") = "SICO.DistributedServices.Core", "src\Distributed Services\SICO.DistributedServices.Core\SICO.DistributedServices.Core.xproj", "{708C06FE-5A54-4D5C-A4E1-231E0C0D9F26}"
EndProject
Project("{8BB2217D-0F2D-49D1-97BC-3654ED321F3B}") = "SICO.Presentation.Web", "src\Presentation\SICO.Presentation.Web\SICO.Presentation.Web.xproj", "{9F9DAC7B-FA9D-4083-8F38-134D24D4F330}"
EndProject
Project("{2150E333-8FDC-42A3-9474-1A3956D46DE8}") = "architecture", "architecture", "{ED3A93A9-900F-4752-A2C5-2F4D310CD584}"
	ProjectSection(SolutionItems) = preProject
		architecture\DiseñoComponentesModular.xml = architecture\DiseñoComponentesModular.xml
		architecture\SICO.Modeling = architecture\SICO.Modeling
	EndProjectSection
EndProject
Project("{2150E333-8FDC-42A3-9474-1A3956D46DE8}") = "6. Host", "6. Host", "{760A0454-5DD0-4969-AAF0-685189971A74}"
EndProject
Project("{8BB2217D-0F2D-49D1-97BC-3654ED321F3B}") = "SICO.Host.DistributedServices", "src\Host\SICO.Host.DistributedServices\SICO.Host.DistributedServices.xproj", "{0FFF9B45-1D96-4FD5-AFC9-BC5C559ABDDD}"
EndProject
Project("{8BB2217D-0F2D-49D1-97BC-3654ED321F3B}") = "SICO.Infrastructure.CrossCutting.Tests", "src\SICO.Infrastructure.CrossCutting.Tests\SICO.Infrastructure.CrossCutting.Tests.xproj", "{C0367A6F-671A-43E5-A5BF-093971532F0D}"
EndProject
Global
	GlobalSection(SolutionConfigurationPlatforms) = preSolution
		Debug|Any CPU = Debug|Any CPU
		Release|Any CPU = Release|Any CPU
	EndGlobalSection
	GlobalSection(ProjectConfigurationPlatforms) = postSolution
		{7F9F0353-1238-4A2C-BFF7-75B3ACB6B561}.Debug|Any CPU.ActiveCfg = Debug|Any CPU
		{7F9F0353-1238-4A2C-BFF7-75B3ACB6B561}.Debug|Any CPU.Build.0 = Debug|Any CPU
		{7F9F0353-1238-4A2C-BFF7-75B3ACB6B561}.Release|Any CPU.ActiveCfg = Release|Any CPU
		{7F9F0353-1238-4A2C-BFF7-75B3ACB6B561}.Release|Any CPU.Build.0 = Release|Any CPU
		{9EA16FB8-EE80-419F-8C8C-D7FE998010B3}.Debug|Any CPU.ActiveCfg = Debug|Any CPU
		{9EA16FB8-EE80-419F-8C8C-D7FE998010B3}.Debug|Any CPU.Build.0 = Debug|Any CPU
		{9EA16FB8-EE80-419F-8C8C-D7FE998010B3}.Release|Any CPU.ActiveCfg = Release|Any CPU
		{9EA16FB8-EE80-419F-8C8C-D7FE998010B3}.Release|Any CPU.Build.0 = Release|Any CPU
		{254E1EC3-3A80-4A3B-9A68-11A0C49AA3E8}.Debug|Any CPU.ActiveCfg = Debug|Any CPU
		{254E1EC3-3A80-4A3B-9A68-11A0C49AA3E8}.Debug|Any CPU.Build.0 = Debug|Any CPU
		{254E1EC3-3A80-4A3B-9A68-11A0C49AA3E8}.Release|Any CPU.ActiveCfg = Release|Any CPU
		{254E1EC3-3A80-4A3B-9A68-11A0C49AA3E8}.Release|Any CPU.Build.0 = Release|Any CPU
		{E9E849AA-2CC1-4C5F-A6F8-71EC36E43AFA}.Debug|Any CPU.ActiveCfg = Debug|Any CPU
		{E9E849AA-2CC1-4C5F-A6F8-71EC36E43AFA}.Debug|Any CPU.Build.0 = Debug|Any CPU
		{E9E849AA-2CC1-4C5F-A6F8-71EC36E43AFA}.Release|Any CPU.ActiveCfg = Release|Any CPU
		{E9E849AA-2CC1-4C5F-A6F8-71EC36E43AFA}.Release|Any CPU.Build.0 = Release|Any CPU
		{B0B21A64-46FB-471A-95B3-4C99A5097D16}.Debug|Any CPU.ActiveCfg = Debug|Any CPU
		{B0B21A64-46FB-471A-95B3-4C99A5097D16}.Debug|Any CPU.Build.0 = Debug|Any CPU
		{B0B21A64-46FB-471A-95B3-4C99A5097D16}.Release|Any CPU.ActiveCfg = Release|Any CPU
		{B0B21A64-46FB-471A-95B3-4C99A5097D16}.Release|Any CPU.Build.0 = Release|Any CPU
		{2838F703-88B7-4CEC-A4A3-0016EB568FC3}.Debug|Any CPU.ActiveCfg = Debug|Any CPU
		{2838F703-88B7-4CEC-A4A3-0016EB568FC3}.Debug|Any CPU.Build.0 = Debug|Any CPU
		{2838F703-88B7-4CEC-A4A3-0016EB568FC3}.Release|Any CPU.ActiveCfg = Release|Any CPU
		{2838F703-88B7-4CEC-A4A3-0016EB568FC3}.Release|Any CPU.Build.0 = Release|Any CPU
		{B275EB14-FFC5-4AC4-A64A-27E57328F36D}.Debug|Any CPU.ActiveCfg = Debug|Any CPU
		{B275EB14-FFC5-4AC4-A64A-27E57328F36D}.Debug|Any CPU.Build.0 = Debug|Any CPU
		{B275EB14-FFC5-4AC4-A64A-27E57328F36D}.Release|Any CPU.ActiveCfg = Release|Any CPU
		{B275EB14-FFC5-4AC4-A64A-27E57328F36D}.Release|Any CPU.Build.0 = Release|Any CPU
		{2D748569-DC11-4EDD-9EAC-CF3DD533E017}.Debug|Any CPU.ActiveCfg = Debug|Any CPU
		{2D748569-DC11-4EDD-9EAC-CF3DD533E017}.Debug|Any CPU.Build.0 = Debug|Any CPU
		{2D748569-DC11-4EDD-9EAC-CF3DD533E017}.Release|Any CPU.ActiveCfg = Release|Any CPU
		{2D748569-DC11-4EDD-9EAC-CF3DD533E017}.Release|Any CPU.Build.0 = Release|Any CPU
		{A3735E3A-1EC0-4B5E-9241-F249BDA812A5}.Debug|Any CPU.ActiveCfg = Debug|Any CPU
		{A3735E3A-1EC0-4B5E-9241-F249BDA812A5}.Debug|Any CPU.Build.0 = Debug|Any CPU
		{A3735E3A-1EC0-4B5E-9241-F249BDA812A5}.Debug|Any CPU.Deploy.0 = Debug|Any CPU
		{A3735E3A-1EC0-4B5E-9241-F249BDA812A5}.Release|Any CPU.ActiveCfg = Release|Any CPU
		{A3735E3A-1EC0-4B5E-9241-F249BDA812A5}.Release|Any CPU.Build.0 = Release|Any CPU
		{A3735E3A-1EC0-4B5E-9241-F249BDA812A5}.Release|Any CPU.Deploy.0 = Release|Any CPU
		{9CE982B3-1F72-468C-8210-B7A9A56627EE}.Debug|Any CPU.ActiveCfg = Debug|Any CPU
		{9CE982B3-1F72-468C-8210-B7A9A56627EE}.Debug|Any CPU.Build.0 = Debug|Any CPU
		{9CE982B3-1F72-468C-8210-B7A9A56627EE}.Release|Any CPU.ActiveCfg = Release|Any CPU
		{9CE982B3-1F72-468C-8210-B7A9A56627EE}.Release|Any CPU.Build.0 = Release|Any CPU
		{708C06FE-5A54-4D5C-A4E1-231E0C0D9F26}.Debug|Any CPU.ActiveCfg = Debug|Any CPU
		{708C06FE-5A54-4D5C-A4E1-231E0C0D9F26}.Debug|Any CPU.Build.0 = Debug|Any CPU
		{708C06FE-5A54-4D5C-A4E1-231E0C0D9F26}.Release|Any CPU.ActiveCfg = Release|Any CPU
		{708C06FE-5A54-4D5C-A4E1-231E0C0D9F26}.Release|Any CPU.Build.0 = Release|Any CPU
		{9F9DAC7B-FA9D-4083-8F38-134D24D4F330}.Debug|Any CPU.ActiveCfg = Debug|Any CPU
		{9F9DAC7B-FA9D-4083-8F38-134D24D4F330}.Debug|Any CPU.Build.0 = Debug|Any CPU
		{9F9DAC7B-FA9D-4083-8F38-134D24D4F330}.Release|Any CPU.ActiveCfg = Release|Any CPU
		{9F9DAC7B-FA9D-4083-8F38-134D24D4F330}.Release|Any CPU.Build.0 = Release|Any CPU
		{0FFF9B45-1D96-4FD5-AFC9-BC5C559ABDDD}.Debug|Any CPU.ActiveCfg = Debug|Any CPU
		{0FFF9B45-1D96-4FD5-AFC9-BC5C559ABDDD}.Debug|Any CPU.Build.0 = Debug|Any CPU
		{0FFF9B45-1D96-4FD5-AFC9-BC5C559ABDDD}.Release|Any CPU.ActiveCfg = Release|Any CPU
		{0FFF9B45-1D96-4FD5-AFC9-BC5C559ABDDD}.Release|Any CPU.Build.0 = Release|Any CPU
		{C0367A6F-671A-43E5-A5BF-093971532F0D}.Debug|Any CPU.ActiveCfg = Debug|Any CPU
		{C0367A6F-671A-43E5-A5BF-093971532F0D}.Debug|Any CPU.Build.0 = Debug|Any CPU
		{C0367A6F-671A-43E5-A5BF-093971532F0D}.Release|Any CPU.ActiveCfg = Release|Any CPU
		{C0367A6F-671A-43E5-A5BF-093971532F0D}.Release|Any CPU.Build.0 = Release|Any CPU
	EndGlobalSection
	GlobalSection(SolutionProperties) = preSolution
		HideSolutionNode = FALSE
	EndGlobalSection
	GlobalSection(NestedProjects) = preSolution
		{3899CFC1-AD8B-48B6-BC7E-92F0F4EF97AA} = {7CD8D1F3-2C2F-483E-8153-D74D25C873FB}
		{4E5C1D8F-9BD4-477C-A501-1F2B068A458D} = {3899CFC1-AD8B-48B6-BC7E-92F0F4EF97AA}
		{9D973222-CFDD-4283-B296-0A926A193B98} = {3899CFC1-AD8B-48B6-BC7E-92F0F4EF97AA}
		{7F9F0353-1238-4A2C-BFF7-75B3ACB6B561} = {4E5C1D8F-9BD4-477C-A501-1F2B068A458D}
		{9EA16FB8-EE80-419F-8C8C-D7FE998010B3} = {9D973222-CFDD-4283-B296-0A926A193B98}
		{C04E33AF-B1E9-4CDD-B7FA-B7E9A1B91B69} = {7CD8D1F3-2C2F-483E-8153-D74D25C873FB}
		{251BDFD4-2ACF-4B9C-B932-B1C7DBD39E3A} = {7CD8D1F3-2C2F-483E-8153-D74D25C873FB}
		{397641C0-0EBC-42D5-B7D4-C3564AA0CB42} = {C04E33AF-B1E9-4CDD-B7FA-B7E9A1B91B69}
		{7E8BF39A-E6E5-4111-B400-22BBFC4CFFE8} = {C04E33AF-B1E9-4CDD-B7FA-B7E9A1B91B69}
		{35C003E3-C3BC-46DD-A935-0778D913E72F} = {7CD8D1F3-2C2F-483E-8153-D74D25C873FB}
		{A65CA6B3-BBC3-42CD-B13C-AC1B804D9003} = {7E8BF39A-E6E5-4111-B400-22BBFC4CFFE8}
		{EB3FD5D1-BE54-4678-91E1-75928FD73374} = {7E8BF39A-E6E5-4111-B400-22BBFC4CFFE8}
		{254E1EC3-3A80-4A3B-9A68-11A0C49AA3E8} = {A65CA6B3-BBC3-42CD-B13C-AC1B804D9003}
		{E9E849AA-2CC1-4C5F-A6F8-71EC36E43AFA} = {EB3FD5D1-BE54-4678-91E1-75928FD73374}
		{B0B21A64-46FB-471A-95B3-4C99A5097D16} = {EB3FD5D1-BE54-4678-91E1-75928FD73374}
		{2838F703-88B7-4CEC-A4A3-0016EB568FC3} = {397641C0-0EBC-42D5-B7D4-C3564AA0CB42}
		{937B90A5-5A85-4C2F-84A6-46BC2D1C4E64} = {251BDFD4-2ACF-4B9C-B932-B1C7DBD39E3A}
		{B275EB14-FFC5-4AC4-A64A-27E57328F36D} = {937B90A5-5A85-4C2F-84A6-46BC2D1C4E64}
		{CE3FEA97-A7F7-4CAB-8F63-92496F3032DB} = {251BDFD4-2ACF-4B9C-B932-B1C7DBD39E3A}
		{2D748569-DC11-4EDD-9EAC-CF3DD533E017} = {CE3FEA97-A7F7-4CAB-8F63-92496F3032DB}
		{9CC968C1-B6AC-40E1-B006-A93DF1611848} = {7CD8D1F3-2C2F-483E-8153-D74D25C873FB}
		{A3735E3A-1EC0-4B5E-9241-F249BDA812A5} = {9CC968C1-B6AC-40E1-B006-A93DF1611848}
		{F8BDFE43-A1C5-41C8-8EFB-8AA174426FF4} = {7CD8D1F3-2C2F-483E-8153-D74D25C873FB}
		{8A4C28E4-05AF-4D2C-9B53-A08384853B64} = {F8BDFE43-A1C5-41C8-8EFB-8AA174426FF4}
		{9CE982B3-1F72-468C-8210-B7A9A56627EE} = {8A4C28E4-05AF-4D2C-9B53-A08384853B64}
		{4B1B20BE-E5B6-45C5-8B5C-A623BF0CC226} = {F8BDFE43-A1C5-41C8-8EFB-8AA174426FF4}
		{708C06FE-5A54-4D5C-A4E1-231E0C0D9F26} = {4B1B20BE-E5B6-45C5-8B5C-A623BF0CC226}
		{9F9DAC7B-FA9D-4083-8F38-134D24D4F330} = {35C003E3-C3BC-46DD-A935-0778D913E72F}
		{760A0454-5DD0-4969-AAF0-685189971A74} = {7CD8D1F3-2C2F-483E-8153-D74D25C873FB}
		{0FFF9B45-1D96-4FD5-AFC9-BC5C559ABDDD} = {760A0454-5DD0-4969-AAF0-685189971A74}
		{C0367A6F-671A-43E5-A5BF-093971532F0D} = {10A2BA55-A6E0-47E3-9290-F64E0C8D0D1C}
	EndGlobalSection
EndGlobal
